
Microsoft Visual Studio Solution File, Format Version 12.00
# Visual Studio Version 17
VisualStudioVersion = 17.9.34701.34
MinimumVisualStudioVersion = 10.0.40219.1
Project("{9A19103F-16F7-4668-BE54-9A1E7A4F7556}") = "GithubSearch", "GithubSearch\GithubSearch.csproj", "{D46985AA-B2E2-4A8A-9364-18F1C8F1EB0A}"
EndProject
Project("{FAE04EC0-301F-11D3-BF4B-00C04F79EFBC}") = "GithubSearch.Core", "GithubSearch.Core\GithubSearch.Core.csproj", "{135B54AE-7D05-45B6-8AEE-722F3504124D}"
EndProject
Project("{FAE04EC0-301F-11D3-BF4B-00C04F79EFBC}") = "GithubSearch.Tests", "GithubSearch.Tests\GithubSearch.Tests.csproj", "{A7D1F87F-8CAA-4481-8168-101F2B4C0377}"
EndProject
Global
	GlobalSection(SolutionConfigurationPlatforms) = preSolution
		Debug|Any CPU = Debug|Any CPU
		Release|Any CPU = Release|Any CPU
	EndGlobalSection
	GlobalSection(ProjectConfigurationPlatforms) = postSolution
		{D46985AA-B2E2-4A8A-9364-18F1C8F1EB0A}.Debug|Any CPU.ActiveCfg = Debug|Any CPU
		{D46985AA-B2E2-4A8A-9364-18F1C8F1EB0A}.Debug|Any CPU.Build.0 = Debug|Any CPU
		{D46985AA-B2E2-4A8A-9364-18F1C8F1EB0A}.Release|Any CPU.ActiveCfg = Release|Any CPU
		{D46985AA-B2E2-4A8A-9364-18F1C8F1EB0A}.Release|Any CPU.Build.0 = Release|Any CPU
		{135B54AE-7D05-45B6-8AEE-722F3504124D}.Debug|Any CPU.ActiveCfg = Debug|Any CPU
		{135B54AE-7D05-45B6-8AEE-722F3504124D}.Debug|Any CPU.Build.0 = Debug|Any CPU
		{135B54AE-7D05-45B6-8AEE-722F3504124D}.Release|Any CPU.ActiveCfg = Release|Any CPU
		{135B54AE-7D05-45B6-8AEE-722F3504124D}.Release|Any CPU.Build.0 = Release|Any CPU
		{A7D1F87F-8CAA-4481-8168-101F2B4C0377}.Debug|Any CPU.ActiveCfg = Debug|Any CPU
		{A7D1F87F-8CAA-4481-8168-101F2B4C0377}.Debug|Any CPU.Build.0 = Debug|Any CPU
		{A7D1F87F-8CAA-4481-8168-101F2B4C0377}.Release|Any CPU.ActiveCfg = Release|Any CPU
		{A7D1F87F-8CAA-4481-8168-101F2B4C0377}.Release|Any CPU.Build.0 = Release|Any CPU
	EndGlobalSection
	GlobalSection(SolutionProperties) = preSolution
		HideSolutionNode = FALSE
	EndGlobalSection
	GlobalSection(ExtensibilityGlobals) = postSolution
		SolutionGuid = {AC6810C0-6BBF-4D38-9CEA-0DF6C64BFE42}
	EndGlobalSection
EndGlobal
